
Microsoft Visual Studio Solution File, Format Version 12.00
Project("{FAE04EC0-301F-11D3-BF4B-00C04F79EFBC}") = "CompanyEmployees", "CompanyEmployees\CompanyEmployees.csproj", "{2581914C-B3CC-4AF2-8B61-51253157D61E}"
EndProject
Project("{FAE04EC0-301F-11D3-BF4B-00C04F79EFBC}") = "Domain.Contracts", "Domain.Contracts\Domain.Contracts.csproj", "{4B6D9AA8-5624-46ED-A48C-E3D03C224CA5}"
EndProject
Project("{FAE04EC0-301F-11D3-BF4B-00C04F79EFBC}") = "LoggerService", "LoggerService\LoggerService.csproj", "{88569560-FF6D-44BA-9BAC-8B925B9D5187}"
EndProject
Project("{FAE04EC0-301F-11D3-BF4B-00C04F79EFBC}") = "Domain.Entities", "Domain.Entities\Domain.Entities.csproj", "{34A3EE9E-1978-4E8A-B296-21BA4BCA2E43}"
EndProject
Project("{FAE04EC0-301F-11D3-BF4B-00C04F79EFBC}") = "Domain.Repository", "Domain.Repository\Domain.Repository.csproj", "{8EA26967-8167-458E-A630-A99E6DF77B45}"
EndProject
Project("{2150E333-8FDC-42A3-9474-1A3956D46DE8}") = "Domain", "Domain", "{5F97AA5F-4265-4F3E-A338-1545E57CE5CA}"
EndProject
Project("{2150E333-8FDC-42A3-9474-1A3956D46DE8}") = "Service", "Service", "{42622C97-97E7-4FB0-AE1E-2001047F44DB}"
EndProject
Project("{FAE04EC0-301F-11D3-BF4B-00C04F79EFBC}") = "Service.Contracts", "Service.Contracts\Service.Contracts.csproj", "{F3953812-9C09-48CA-96A1-F2DE667B1A30}"
EndProject
Project("{FAE04EC0-301F-11D3-BF4B-00C04F79EFBC}") = "Service.Services", "Service.Services\Service.Services.csproj", "{7943B979-1813-45F2-B566-390209D9F5F8}"
EndProject
Project("{2150E333-8FDC-42A3-9474-1A3956D46DE8}") = "Presentation", "Presentation", "{764092D0-CB87-4A1E-A266-F79B8FE8DCCF}"
EndProject
Project("{FAE04EC0-301F-11D3-BF4B-00C04F79EFBC}") = "Presentation.Presentation", "Presentation.Presentation\Presentation.Presentation.csproj", "{67945BF8-84C7-4DB1-A6CC-80B180306821}"
EndProject
Project("{2150E333-8FDC-42A3-9474-1A3956D46DE8}") = "Shared", "Shared", "{1DA6A53B-A973-4303-9F04-211E5D23A015}"
EndProject
Project("{FAE04EC0-301F-11D3-BF4B-00C04F79EFBC}") = "Shared.Shared", "Shared.Shared\Shared.Shared.csproj", "{C9F49F2C-6FC7-4C8E-88CC-BC77F0FDBEC4}"
EndProject
Global
	GlobalSection(SolutionConfigurationPlatforms) = preSolution
		Debug|Any CPU = Debug|Any CPU
		Release|Any CPU = Release|Any CPU
	EndGlobalSection
	GlobalSection(ProjectConfigurationPlatforms) = postSolution
		{2581914C-B3CC-4AF2-8B61-51253157D61E}.Debug|Any CPU.ActiveCfg = Debug|Any CPU
		{2581914C-B3CC-4AF2-8B61-51253157D61E}.Debug|Any CPU.Build.0 = Debug|Any CPU
		{2581914C-B3CC-4AF2-8B61-51253157D61E}.Release|Any CPU.ActiveCfg = Release|Any CPU
		{2581914C-B3CC-4AF2-8B61-51253157D61E}.Release|Any CPU.Build.0 = Release|Any CPU
		{4B6D9AA8-5624-46ED-A48C-E3D03C224CA5}.Debug|Any CPU.ActiveCfg = Debug|Any CPU
		{4B6D9AA8-5624-46ED-A48C-E3D03C224CA5}.Debug|Any CPU.Build.0 = Debug|Any CPU
		{4B6D9AA8-5624-46ED-A48C-E3D03C224CA5}.Release|Any CPU.ActiveCfg = Release|Any CPU
		{4B6D9AA8-5624-46ED-A48C-E3D03C224CA5}.Release|Any CPU.Build.0 = Release|Any CPU
		{88569560-FF6D-44BA-9BAC-8B925B9D5187}.Debug|Any CPU.ActiveCfg = Debug|Any CPU
		{88569560-FF6D-44BA-9BAC-8B925B9D5187}.Debug|Any CPU.Build.0 = Debug|Any CPU
		{88569560-FF6D-44BA-9BAC-8B925B9D5187}.Release|Any CPU.ActiveCfg = Release|Any CPU
		{88569560-FF6D-44BA-9BAC-8B925B9D5187}.Release|Any CPU.Build.0 = Release|Any CPU
		{34A3EE9E-1978-4E8A-B296-21BA4BCA2E43}.Debug|Any CPU.ActiveCfg = Debug|Any CPU
		{34A3EE9E-1978-4E8A-B296-21BA4BCA2E43}.Debug|Any CPU.Build.0 = Debug|Any CPU
		{34A3EE9E-1978-4E8A-B296-21BA4BCA2E43}.Release|Any CPU.ActiveCfg = Release|Any CPU
		{34A3EE9E-1978-4E8A-B296-21BA4BCA2E43}.Release|Any CPU.Build.0 = Release|Any CPU
		{8EA26967-8167-458E-A630-A99E6DF77B45}.Debug|Any CPU.ActiveCfg = Debug|Any CPU
		{8EA26967-8167-458E-A630-A99E6DF77B45}.Debug|Any CPU.Build.0 = Debug|Any CPU
		{8EA26967-8167-458E-A630-A99E6DF77B45}.Release|Any CPU.ActiveCfg = Release|Any CPU
		{8EA26967-8167-458E-A630-A99E6DF77B45}.Release|Any CPU.Build.0 = Release|Any CPU
		{F3953812-9C09-48CA-96A1-F2DE667B1A30}.Debug|Any CPU.ActiveCfg = Debug|Any CPU
		{F3953812-9C09-48CA-96A1-F2DE667B1A30}.Debug|Any CPU.Build.0 = Debug|Any CPU
		{F3953812-9C09-48CA-96A1-F2DE667B1A30}.Release|Any CPU.ActiveCfg = Release|Any CPU
		{F3953812-9C09-48CA-96A1-F2DE667B1A30}.Release|Any CPU.Build.0 = Release|Any CPU
		{7943B979-1813-45F2-B566-390209D9F5F8}.Debug|Any CPU.ActiveCfg = Debug|Any CPU
		{7943B979-1813-45F2-B566-390209D9F5F8}.Debug|Any CPU.Build.0 = Debug|Any CPU
		{7943B979-1813-45F2-B566-390209D9F5F8}.Release|Any CPU.ActiveCfg = Release|Any CPU
		{7943B979-1813-45F2-B566-390209D9F5F8}.Release|Any CPU.Build.0 = Release|Any CPU
		{67945BF8-84C7-4DB1-A6CC-80B180306821}.Debug|Any CPU.ActiveCfg = Debug|Any CPU
		{67945BF8-84C7-4DB1-A6CC-80B180306821}.Debug|Any CPU.Build.0 = Debug|Any CPU
		{67945BF8-84C7-4DB1-A6CC-80B180306821}.Release|Any CPU.ActiveCfg = Release|Any CPU
		{67945BF8-84C7-4DB1-A6CC-80B180306821}.Release|Any CPU.Build.0 = Release|Any CPU
		{C9F49F2C-6FC7-4C8E-88CC-BC77F0FDBEC4}.Debug|Any CPU.ActiveCfg = Debug|Any CPU
		{C9F49F2C-6FC7-4C8E-88CC-BC77F0FDBEC4}.Debug|Any CPU.Build.0 = Debug|Any CPU
		{C9F49F2C-6FC7-4C8E-88CC-BC77F0FDBEC4}.Release|Any CPU.ActiveCfg = Release|Any CPU
		{C9F49F2C-6FC7-4C8E-88CC-BC77F0FDBEC4}.Release|Any CPU.Build.0 = Release|Any CPU
	EndGlobalSection
	GlobalSection(NestedProjects) = preSolution
		{4B6D9AA8-5624-46ED-A48C-E3D03C224CA5} = {5F97AA5F-4265-4F3E-A338-1545E57CE5CA}
		{34A3EE9E-1978-4E8A-B296-21BA4BCA2E43} = {5F97AA5F-4265-4F3E-A338-1545E57CE5CA}
		{8EA26967-8167-458E-A630-A99E6DF77B45} = {5F97AA5F-4265-4F3E-A338-1545E57CE5CA}
		{F3953812-9C09-48CA-96A1-F2DE667B1A30} = {42622C97-97E7-4FB0-AE1E-2001047F44DB}
		{7943B979-1813-45F2-B566-390209D9F5F8} = {42622C97-97E7-4FB0-AE1E-2001047F44DB}
		{67945BF8-84C7-4DB1-A6CC-80B180306821} = {764092D0-CB87-4A1E-A266-F79B8FE8DCCF}
		{88569560-FF6D-44BA-9BAC-8B925B9D5187} = {1DA6A53B-A973-4303-9F04-211E5D23A015}
		{C9F49F2C-6FC7-4C8E-88CC-BC77F0FDBEC4} = {1DA6A53B-A973-4303-9F04-211E5D23A015}
	EndGlobalSection
EndGlobal
